set_instance_assignment -name SYNCHRONIZER_IDENTIFICATION FORCED_IF_ASYNCHRONOUS -to transport|bridge|ack_sync[0]
set_instance_assignment -name SYNCHRONIZER_IDENTIFICATION FORCED_IF_ASYNCHRONOUS -to transport|bridge|ack_sync[1]
set_instance_assignment -name SYNCHRONIZER_IDENTIFICATION FORCED_IF_ASYNCHRONOUS -to transport|bridge|host_up_q[0]
set_instance_assignment -name SYNCHRONIZER_IDENTIFICATION FORCED_IF_ASYNCHRONOUS -to transport|bridge|host_up_q[1]
set_instance_assignment -name SYNCHRONIZER_IDENTIFICATION FORCED_IF_ASYNCHRONOUS -to transport|bridge|queue_up_h[0]
set_instance_assignment -name SYNCHRONIZER_IDENTIFICATION FORCED_IF_ASYNCHRONOUS -to transport|bridge|queue_up_h[1]
set_instance_assignment -name SYNCHRONIZER_IDENTIFICATION FORCED_IF_ASYNCHRONOUS -to transport|bridge|req_sync[0]
set_instance_assignment -name SYNCHRONIZER_IDENTIFICATION FORCED_IF_ASYNCHRONOUS -to transport|bridge|req_sync[1]
