set_global_assignment -name FAMILY "Cyclone IV E"
set_global_assignment -name DEVICE EP4CE15F17C8
set_global_assignment -name PROJECT_OUTPUT_DIRECTORY output_files
set_global_assignment -name SDC_FILE pin.sdc
set_global_assignment -name SEED 1
set_global_assignment -name NOMINAL_CORE_SUPPLY_VOLTAGE 1.2V
set_global_assignment -name CYCLONEIII_CONFIGURATION_SCHEME "PASSIVE SERIAL"
set_global_assignment -name USE_CONFIGURATION_DEVICE OFF
set_global_assignment -name CRC_ERROR_OPEN_DRAIN OFF
set_global_assignment -name FORCE_CONFIGURATION_VCCIO ON
set_global_assignment -name CONFIGURATION_VCCIO_LEVEL 3.3V
set_global_assignment -name RESERVE_DATA0_AFTER_CONFIGURATION "USE AS REGULAR IO"
set_global_assignment -name RESERVE_DATA1_AFTER_CONFIGURATION "USE AS REGULAR IO"
set_global_assignment -name RESERVE_FLASH_NCE_AFTER_CONFIGURATION "USE AS REGULAR IO"
set_instance_assignment -name IO_STANDARD "3.3-V LVTTL" -to CLKIN
set_instance_assignment -name IO_STANDARD "3.3-V LVTTL" -to ROM_ADDR[21]
set_instance_assignment -name IO_STANDARD "3.3-V LVTTL" -to ROM_ADDR[20]
set_instance_assignment -name IO_STANDARD "3.3-V LVTTL" -to ROM_ADDR[19]
set_instance_assignment -name IO_STANDARD "3.3-V LVTTL" -to ROM_ADDR[18]
set_instance_assignment -name IO_STANDARD "3.3-V LVTTL" -to ROM_ADDR[17]
set_instance_assignment -name IO_STANDARD "3.3-V LVTTL" -to ROM_ADDR[16]
set_instance_assignment -name IO_STANDARD "3.3-V LVTTL" -to ROM_ADDR[15]
set_instance_assignment -name IO_STANDARD "3.3-V LVTTL" -to ROM_ADDR[14]
set_instance_assignment -name IO_STANDARD "3.3-V LVTTL" -to ROM_ADDR[13]
set_instance_assignment -name IO_STANDARD "3.3-V LVTTL" -to ROM_ADDR[12]
set_instance_assignment -name IO_STANDARD "3.3-V LVTTL" -to ROM_ADDR[11]
set_instance_assignment -name IO_STANDARD "3.3-V LVTTL" -to ROM_ADDR[10]
set_instance_assignment -name IO_STANDARD "3.3-V LVTTL" -to ROM_ADDR[9]
set_instance_assignment -name IO_STANDARD "3.3-V LVTTL" -to ROM_ADDR[8]
set_instance_assignment -name IO_STANDARD "3.3-V LVTTL" -to ROM_ADDR[7]
set_instance_assignment -name IO_STANDARD "3.3-V LVTTL" -to ROM_ADDR[6]
set_instance_assignment -name IO_STANDARD "3.3-V LVTTL" -to ROM_ADDR[5]
set_instance_assignment -name IO_STANDARD "3.3-V LVTTL" -to ROM_ADDR[4]
set_instance_assignment -name IO_STANDARD "3.3-V LVTTL" -to ROM_ADDR[3]
set_instance_assignment -name IO_STANDARD "3.3-V LVTTL" -to ROM_ADDR[2]
set_instance_assignment -name IO_STANDARD "3.3-V LVTTL" -to ROM_ADDR[1]
set_instance_assignment -name IO_STANDARD "3.3-V LVTTL" -to ROM_ADDR[0]
set_instance_assignment -name IO_STANDARD "3.3-V LVTTL" -to ROM_BHE
set_instance_assignment -name IO_STANDARD "3.3-V LVTTL" -to ROM_BLE
set_instance_assignment -name IO_STANDARD "3.3-V LVTTL" -to ROM_DATA[15]
set_instance_assignment -name IO_STANDARD "3.3-V LVTTL" -to ROM_DATA[14]
set_instance_assignment -name IO_STANDARD "3.3-V LVTTL" -to ROM_DATA[13]
set_instance_assignment -name IO_STANDARD "3.3-V LVTTL" -to ROM_DATA[12]
set_instance_assignment -name IO_STANDARD "3.3-V LVTTL" -to ROM_DATA[11]
set_instance_assignment -name IO_STANDARD "3.3-V LVTTL" -to ROM_DATA[10]
set_instance_assignment -name IO_STANDARD "3.3-V LVTTL" -to ROM_DATA[9]
set_instance_assignment -name IO_STANDARD "3.3-V LVTTL" -to ROM_DATA[8]
set_instance_assignment -name IO_STANDARD "3.3-V LVTTL" -to ROM_DATA[7]
set_instance_assignment -name IO_STANDARD "3.3-V LVTTL" -to ROM_DATA[6]
set_instance_assignment -name IO_STANDARD "3.3-V LVTTL" -to ROM_DATA[5]
set_instance_assignment -name IO_STANDARD "3.3-V LVTTL" -to ROM_DATA[4]
set_instance_assignment -name IO_STANDARD "3.3-V LVTTL" -to ROM_DATA[3]
set_instance_assignment -name IO_STANDARD "3.3-V LVTTL" -to ROM_DATA[2]
set_instance_assignment -name IO_STANDARD "3.3-V LVTTL" -to ROM_DATA[1]
set_instance_assignment -name IO_STANDARD "3.3-V LVTTL" -to ROM_DATA[0]
set_instance_assignment -name IO_STANDARD "3.3-V LVTTL" -to ROM_OE
set_instance_assignment -name IO_STANDARD "3.3-V LVTTL" -to ROM_WE
set_location_assignment PIN_M2 -to CLKIN
set_location_assignment PIN_G16 -to ROM_1CE
set_location_assignment PIN_J16 -to ROM_2CE
set_location_assignment PIN_B11 -to ROM_ADDR[21]
set_location_assignment PIN_C14 -to ROM_ADDR[20]
set_location_assignment PIN_D11 -to ROM_ADDR[19]
set_location_assignment PIN_C11 -to ROM_ADDR[18]
set_location_assignment PIN_P15 -to ROM_ADDR[17]
set_location_assignment PIN_C16 -to ROM_ADDR[16]
set_location_assignment PIN_D14 -to ROM_ADDR[15]
set_location_assignment PIN_A12 -to ROM_ADDR[14]
set_location_assignment PIN_B13 -to ROM_ADDR[13]
set_location_assignment PIN_D12 -to ROM_ADDR[12]
set_location_assignment PIN_A14 -to ROM_ADDR[11]
set_location_assignment PIN_A13 -to ROM_ADDR[10]
set_location_assignment PIN_B12 -to ROM_ADDR[9]
set_location_assignment PIN_E11 -to ROM_ADDR[8]
set_location_assignment PIN_F16 -to ROM_ADDR[7]
set_location_assignment PIN_J14 -to ROM_ADDR[6]
set_location_assignment PIN_N16 -to ROM_ADDR[5]
set_location_assignment PIN_K16 -to ROM_ADDR[4]
set_location_assignment PIN_L16 -to ROM_ADDR[3]
set_location_assignment PIN_J15 -to ROM_ADDR[2]
set_location_assignment PIN_J13 -to ROM_ADDR[1]
set_location_assignment PIN_K15 -to ROM_ADDR[0]
set_location_assignment PIN_L14 -to ROM_BHE
set_location_assignment PIN_L13 -to ROM_BLE
set_location_assignment PIN_A11 -to ROM_DATA[15]
set_location_assignment PIN_B10 -to ROM_DATA[14]
set_location_assignment PIN_E10 -to ROM_DATA[13]
set_location_assignment PIN_A10 -to ROM_DATA[12]
set_location_assignment PIN_R16 -to ROM_DATA[11]
set_location_assignment PIN_N14 -to ROM_DATA[10]
set_location_assignment PIN_P16 -to ROM_DATA[9]
set_location_assignment PIN_N15 -to ROM_DATA[8]
set_location_assignment PIN_A15 -to ROM_DATA[7]
set_location_assignment PIN_C15 -to ROM_DATA[6]
set_location_assignment PIN_B16 -to ROM_DATA[5]
set_location_assignment PIN_D15 -to ROM_DATA[4]
set_location_assignment PIN_D16 -to ROM_DATA[3]
set_location_assignment PIN_F13 -to ROM_DATA[2]
set_location_assignment PIN_F14 -to ROM_DATA[1]
set_location_assignment PIN_F15 -to ROM_DATA[0]
set_location_assignment PIN_L15 -to ROM_OE
set_location_assignment PIN_B14 -to ROM_WE
set_instance_assignment -name CURRENT_STRENGTH_NEW 4MA -to CLKIN
set_instance_assignment -name CURRENT_STRENGTH_NEW 4MA -to ROM_1CE
set_instance_assignment -name CURRENT_STRENGTH_NEW 4MA -to ROM_2CE
set_instance_assignment -name CURRENT_STRENGTH_NEW 4MA -to ROM_ADDR[21]
set_instance_assignment -name CURRENT_STRENGTH_NEW 4MA -to ROM_ADDR[20]
set_instance_assignment -name CURRENT_STRENGTH_NEW 4MA -to ROM_ADDR[19]
set_instance_assignment -name CURRENT_STRENGTH_NEW 4MA -to ROM_ADDR[18]
set_instance_assignment -name CURRENT_STRENGTH_NEW 4MA -to ROM_ADDR[17]
set_instance_assignment -name CURRENT_STRENGTH_NEW 4MA -to ROM_ADDR[16]
set_instance_assignment -name CURRENT_STRENGTH_NEW 4MA -to ROM_ADDR[15]
set_instance_assignment -name CURRENT_STRENGTH_NEW 4MA -to ROM_ADDR[14]
set_instance_assignment -name CURRENT_STRENGTH_NEW 4MA -to ROM_ADDR[13]
set_instance_assignment -name CURRENT_STRENGTH_NEW 4MA -to ROM_ADDR[12]
set_instance_assignment -name CURRENT_STRENGTH_NEW 4MA -to ROM_ADDR[11]
set_instance_assignment -name CURRENT_STRENGTH_NEW 4MA -to ROM_ADDR[10]
set_instance_assignment -name CURRENT_STRENGTH_NEW 4MA -to ROM_ADDR[9]
set_instance_assignment -name CURRENT_STRENGTH_NEW 4MA -to ROM_ADDR[8]
set_instance_assignment -name CURRENT_STRENGTH_NEW 4MA -to ROM_ADDR[7]
set_instance_assignment -name CURRENT_STRENGTH_NEW 4MA -to ROM_ADDR[6]
set_instance_assignment -name CURRENT_STRENGTH_NEW 4MA -to ROM_ADDR[5]
set_instance_assignment -name CURRENT_STRENGTH_NEW 4MA -to ROM_ADDR[4]
set_instance_assignment -name CURRENT_STRENGTH_NEW 4MA -to ROM_ADDR[3]
set_instance_assignment -name CURRENT_STRENGTH_NEW 4MA -to ROM_ADDR[2]
set_instance_assignment -name CURRENT_STRENGTH_NEW 4MA -to ROM_ADDR[1]
set_instance_assignment -name CURRENT_STRENGTH_NEW 4MA -to ROM_ADDR[0]
set_instance_assignment -name CURRENT_STRENGTH_NEW 4MA -to ROM_BHE
set_instance_assignment -name CURRENT_STRENGTH_NEW 4MA -to ROM_BLE
set_instance_assignment -name CURRENT_STRENGTH_NEW 4MA -to ROM_DATA[15]
set_instance_assignment -name CURRENT_STRENGTH_NEW 4MA -to ROM_DATA[14]
set_instance_assignment -name CURRENT_STRENGTH_NEW 4MA -to ROM_DATA[13]
set_instance_assignment -name CURRENT_STRENGTH_NEW 4MA -to ROM_DATA[12]
set_instance_assignment -name CURRENT_STRENGTH_NEW 4MA -to ROM_DATA[11]
set_instance_assignment -name CURRENT_STRENGTH_NEW 4MA -to ROM_DATA[10]
set_instance_assignment -name CURRENT_STRENGTH_NEW 4MA -to ROM_DATA[9]
set_instance_assignment -name CURRENT_STRENGTH_NEW 4MA -to ROM_DATA[8]
set_instance_assignment -name CURRENT_STRENGTH_NEW 4MA -to ROM_DATA[7]
set_instance_assignment -name CURRENT_STRENGTH_NEW 4MA -to ROM_DATA[6]
set_instance_assignment -name CURRENT_STRENGTH_NEW 4MA -to ROM_DATA[5]
set_instance_assignment -name CURRENT_STRENGTH_NEW 4MA -to ROM_DATA[4]
set_instance_assignment -name CURRENT_STRENGTH_NEW 4MA -to ROM_DATA[3]
set_instance_assignment -name CURRENT_STRENGTH_NEW 4MA -to ROM_DATA[2]
set_instance_assignment -name CURRENT_STRENGTH_NEW 4MA -to ROM_DATA[1]
set_instance_assignment -name CURRENT_STRENGTH_NEW 4MA -to ROM_DATA[0]
set_instance_assignment -name CURRENT_STRENGTH_NEW 4MA -to ROM_OE
set_instance_assignment -name CURRENT_STRENGTH_NEW 4MA -to ROM_WE
set_instance_assignment -name IO_STANDARD "3.3-V LVTTL" -to ROM_1CE
set_instance_assignment -name IO_STANDARD "3.3-V LVTTL" -to ROM_2CE
set_global_assignment -name CYCLONEII_RESERVE_NCEO_AFTER_CONFIGURATION "USE AS REGULAR IO"
set_global_assignment -name ENABLE_CONFIGURATION_PINS OFF
set_instance_assignment -name FAST_OUTPUT_REGISTER ON -to ROM_ADDR[*]



set_global_assignment -name LAST_QUARTUS_VERSION "25.1std.0 Lite Edition"
set_instance_assignment -name FAST_INPUT_REGISTER ON -to ROM_DATA[*]

set_global_assignment -name TOP_LEVEL_ENTITY fxpak_gbc_top
set_global_assignment -name VHDL_INPUT_VERSION VHDL_2008
set_global_assignment -name NUM_PARALLEL_PROCESSORS 2
set_global_assignment -name VHDL_FILE bus_savestates.vhd
set_global_assignment -name VHDL_FILE reg_savestates.vhd
set_global_assignment -name VHDL_FILE T80_Pack.vhd
set_global_assignment -name VHDL_FILE T80_ALU.vhd
set_global_assignment -name VHDL_FILE T80_MCode.vhd
set_global_assignment -name VHDL_FILE T80_Reg.vhd
set_global_assignment -name VHDL_FILE T80.vhd
set_global_assignment -name VHDL_FILE GBse.vhd
set_global_assignment -name VHDL_FILE gb_savestates.vhd
set_global_assignment -name VHDL_FILE gb_statemanager.vhd
set_global_assignment -name VHDL_FILE gbc_snd.vhd
set_global_assignment -name VHDL_FILE speedcontrol.vhd
set_global_assignment -name VHDL_FILE spram.vhd
set_global_assignment -name VERILOG_FILE gb.v
set_global_assignment -name VERILOG_FILE timer.v
set_global_assignment -name VERILOG_FILE link.v
set_global_assignment -name VERILOG_FILE hdma.v
set_global_assignment -name VERILOG_FILE video.v
set_global_assignment -name VERILOG_FILE sprites.v
set_global_assignment -name VERILOG_FILE sprites_extra.v
set_global_assignment -name VERILOG_FILE sprites_extra_store.v
set_global_assignment -name SYSTEMVERILOG_FILE cheatcodes.sv
set_global_assignment -name SYSTEMVERILOG_FILE megaswizzle.sv
set_global_assignment -name SYSTEMVERILOG_FILE full_core_link.sv
set_global_assignment -name SYSTEMVERILOG_FILE ppu_stream.sv
set_global_assignment -name SYSTEMVERILOG_FILE gbc_live_core.sv
set_global_assignment -name SYSTEMVERILOG_FILE rgb_capture64.sv
set_global_assignment -name VERILOG_FILE gbc_pll0.v
set_global_assignment -name SYSTEMVERILOG_FILE clock_reset_guard.sv
set_global_assignment -name SYSTEMVERILOG_FILE psram_rw3.sv
set_global_assignment -name SYSTEMVERILOG_FILE rom_bus_bridge.sv
set_global_assignment -name VHDL_FILE rom_prefetch_forward.vhd
set_global_assignment -name VHDL_FILE dpram_civ.vhd
set_global_assignment -name SEED 1
set_global_assignment -name SYSTEMVERILOG_FILE capture_pingpong.sv
set_global_assignment -name SYSTEMVERILOG_FILE frame_pipeline.sv
set_global_assignment -name SYSTEMVERILOG_FILE next_use_builder.sv
set_global_assignment -name SYSTEMVERILOG_FILE indexed_sixplane.sv
set_global_assignment -name SYSTEMVERILOG_FILE palette_planner.sv
set_global_assignment -name SYSTEMVERILOG_FILE video_router.sv
set_global_assignment -name SYSTEMVERILOG_FILE palette_hdma.sv
set_global_assignment -name SYSTEMVERILOG_FILE display_pages.sv
set_global_assignment -name SYSTEMVERILOG_FILE frame_output_pages.sv
set_global_assignment -name SYSTEMVERILOG_FILE board_output_link.sv
set_global_assignment -name SYSTEMVERILOG_FILE output_write_cdc.sv
set_global_assignment -name SYSTEMVERILOG_FILE upload_boundary_cdc.sv
set_global_assignment -name VERILOG_FILE gbc_bus_pll0.v
set_global_assignment -name SDC_FILE board_output_cdc.sdc
set_instance_assignment -name SYNCHRONIZER_IDENTIFICATION "FORCED IF ASYNCHRONOUS" -to "output_pages|uploader|req_sync[*]"
set_instance_assignment -name SYNCHRONIZER_IDENTIFICATION "FORCED IF ASYNCHRONOUS" -to "output_pages|uploader|ack_sync[*]"
set_global_assignment -name SYSTEMVERILOG_FILE output_fifo_cdc.sv
set_global_assignment -name SYSTEMVERILOG_FILE board_output_fifo_link.sv
set_global_assignment -name SYSTEMVERILOG_FILE sram_burst_writer.sv
set_instance_assignment -name SYNCHRONIZER_IDENTIFICATION "FORCED IF ASYNCHRONOUS" -to "output_pages|writer|write_sync*"
set_instance_assignment -name SYNCHRONIZER_IDENTIFICATION "FORCED IF ASYNCHRONOUS" -to "output_pages|writer|read_sync*"
set_global_assignment -name SYSTEMVERILOG_FILE rgb_capture64_abort.sv
set_global_assignment -name SYSTEMVERILOG_FILE capture_pingpong_lcd.sv
set_global_assignment -name SYSTEMVERILOG_FILE frame_pipeline_lcd.sv
set_global_assignment -name SYSTEMVERILOG_FILE sram_granted_writer.sv
set_instance_assignment -name FAST_OUTPUT_REGISTER ON -to "RAM_ADDR[*]"
set_instance_assignment -name FAST_OUTPUT_REGISTER ON -to "RAM_DATA[*]"
set_instance_assignment -name FAST_OUTPUT_REGISTER ON -to "RAM_WE"
set_instance_assignment -name FAST_OUTPUT_REGISTER ON -to "RAM_OE"
set_instance_assignment -name FAST_OUTPUT_ENABLE_REGISTER ON -to "RAM_DATA[*]"
set_instance_assignment -name IO_STANDARD "3.3-V LVTTL" -to RAM_ADDR[18]
set_instance_assignment -name IO_STANDARD "3.3-V LVTTL" -to RAM_ADDR[17]
set_instance_assignment -name IO_STANDARD "3.3-V LVTTL" -to RAM_ADDR[16]
set_instance_assignment -name IO_STANDARD "3.3-V LVTTL" -to RAM_ADDR[15]
set_instance_assignment -name IO_STANDARD "3.3-V LVTTL" -to RAM_ADDR[14]
set_instance_assignment -name IO_STANDARD "3.3-V LVTTL" -to RAM_ADDR[13]
set_instance_assignment -name IO_STANDARD "3.3-V LVTTL" -to RAM_ADDR[12]
set_instance_assignment -name IO_STANDARD "3.3-V LVTTL" -to RAM_ADDR[11]
set_instance_assignment -name IO_STANDARD "3.3-V LVTTL" -to RAM_ADDR[10]
set_instance_assignment -name IO_STANDARD "3.3-V LVTTL" -to RAM_ADDR[9]
set_instance_assignment -name IO_STANDARD "3.3-V LVTTL" -to RAM_ADDR[8]
set_instance_assignment -name IO_STANDARD "3.3-V LVTTL" -to RAM_ADDR[7]
set_instance_assignment -name IO_STANDARD "3.3-V LVTTL" -to RAM_ADDR[6]
set_instance_assignment -name IO_STANDARD "3.3-V LVTTL" -to RAM_ADDR[5]
set_instance_assignment -name IO_STANDARD "3.3-V LVTTL" -to RAM_ADDR[4]
set_instance_assignment -name IO_STANDARD "3.3-V LVTTL" -to RAM_ADDR[3]
set_instance_assignment -name IO_STANDARD "3.3-V LVTTL" -to RAM_ADDR[2]
set_instance_assignment -name IO_STANDARD "3.3-V LVTTL" -to RAM_ADDR[1]
set_instance_assignment -name IO_STANDARD "3.3-V LVTTL" -to RAM_ADDR[0]
set_instance_assignment -name IO_STANDARD "3.3-V LVTTL" -to RAM_DATA[7]
set_instance_assignment -name IO_STANDARD "3.3-V LVTTL" -to RAM_DATA[6]
set_instance_assignment -name IO_STANDARD "3.3-V LVTTL" -to RAM_DATA[5]
set_instance_assignment -name IO_STANDARD "3.3-V LVTTL" -to RAM_DATA[4]
set_instance_assignment -name IO_STANDARD "3.3-V LVTTL" -to RAM_DATA[3]
set_instance_assignment -name IO_STANDARD "3.3-V LVTTL" -to RAM_DATA[2]
set_instance_assignment -name IO_STANDARD "3.3-V LVTTL" -to RAM_DATA[1]
set_instance_assignment -name IO_STANDARD "3.3-V LVTTL" -to RAM_DATA[0]
set_instance_assignment -name IO_STANDARD "3.3-V LVTTL" -to RAM_OE
set_instance_assignment -name IO_STANDARD "3.3-V LVTTL" -to RAM_WE
set_location_assignment PIN_N11 -to RAM_ADDR[18]
set_location_assignment PIN_R12 -to RAM_ADDR[17]
set_location_assignment PIN_N12 -to RAM_ADDR[16]
set_location_assignment PIN_T12 -to RAM_ADDR[15]
set_location_assignment PIN_T13 -to RAM_ADDR[14]
set_location_assignment PIN_R11 -to RAM_ADDR[13]
set_location_assignment PIN_R13 -to RAM_ADDR[12]
set_location_assignment PIN_R10 -to RAM_ADDR[11]
set_location_assignment PIN_N9 -to RAM_ADDR[10]
set_location_assignment PIN_M10 -to RAM_ADDR[9]
set_location_assignment PIN_T11 -to RAM_ADDR[8]
set_location_assignment PIN_T14 -to RAM_ADDR[7]
set_location_assignment PIN_R14 -to RAM_ADDR[6]
set_location_assignment PIN_P14 -to RAM_ADDR[5]
set_location_assignment PIN_T15 -to RAM_ADDR[4]
set_location_assignment PIN_R7 -to RAM_ADDR[3]
set_location_assignment PIN_M7 -to RAM_ADDR[2]
set_location_assignment PIN_L7 -to RAM_ADDR[1]
set_location_assignment PIN_T6 -to RAM_ADDR[0]
set_location_assignment PIN_P9 -to RAM_DATA[7]
set_location_assignment PIN_P8 -to RAM_DATA[6]
set_location_assignment PIN_N8 -to RAM_DATA[5]
set_location_assignment PIN_M8 -to RAM_DATA[4]
set_location_assignment PIN_L8 -to RAM_DATA[3]
set_location_assignment PIN_T7 -to RAM_DATA[2]
set_location_assignment PIN_P6 -to RAM_DATA[1]
set_location_assignment PIN_R6 -to RAM_DATA[0]
set_location_assignment PIN_T10 -to RAM_OE
set_location_assignment PIN_P11 -to RAM_WE
set_instance_assignment -name CURRENT_STRENGTH_NEW 4MA -to RAM_ADDR[18]
set_instance_assignment -name CURRENT_STRENGTH_NEW 4MA -to RAM_ADDR[17]
set_instance_assignment -name CURRENT_STRENGTH_NEW 4MA -to RAM_ADDR[16]
set_instance_assignment -name CURRENT_STRENGTH_NEW 4MA -to RAM_ADDR[15]
set_instance_assignment -name CURRENT_STRENGTH_NEW 4MA -to RAM_ADDR[14]
set_instance_assignment -name CURRENT_STRENGTH_NEW 4MA -to RAM_ADDR[13]
set_instance_assignment -name CURRENT_STRENGTH_NEW 4MA -to RAM_ADDR[12]
set_instance_assignment -name CURRENT_STRENGTH_NEW 4MA -to RAM_ADDR[11]
set_instance_assignment -name CURRENT_STRENGTH_NEW 4MA -to RAM_ADDR[10]
set_instance_assignment -name CURRENT_STRENGTH_NEW 4MA -to RAM_ADDR[9]
set_instance_assignment -name CURRENT_STRENGTH_NEW 4MA -to RAM_ADDR[8]
set_instance_assignment -name CURRENT_STRENGTH_NEW 4MA -to RAM_ADDR[7]
set_instance_assignment -name CURRENT_STRENGTH_NEW 4MA -to RAM_ADDR[6]
set_instance_assignment -name CURRENT_STRENGTH_NEW 4MA -to RAM_ADDR[5]
set_instance_assignment -name CURRENT_STRENGTH_NEW 4MA -to RAM_ADDR[4]
set_instance_assignment -name CURRENT_STRENGTH_NEW 4MA -to RAM_ADDR[3]
set_instance_assignment -name CURRENT_STRENGTH_NEW 4MA -to RAM_ADDR[2]
set_instance_assignment -name CURRENT_STRENGTH_NEW 4MA -to RAM_ADDR[1]
set_instance_assignment -name CURRENT_STRENGTH_NEW 4MA -to RAM_ADDR[0]
set_instance_assignment -name CURRENT_STRENGTH_NEW 4MA -to RAM_DATA[7]
set_instance_assignment -name CURRENT_STRENGTH_NEW 4MA -to RAM_DATA[6]
set_instance_assignment -name CURRENT_STRENGTH_NEW 4MA -to RAM_DATA[5]
set_instance_assignment -name CURRENT_STRENGTH_NEW 4MA -to RAM_DATA[4]
set_instance_assignment -name CURRENT_STRENGTH_NEW 4MA -to RAM_DATA[3]
set_instance_assignment -name CURRENT_STRENGTH_NEW 4MA -to RAM_DATA[2]
set_instance_assignment -name CURRENT_STRENGTH_NEW 4MA -to RAM_DATA[1]
set_instance_assignment -name CURRENT_STRENGTH_NEW 4MA -to RAM_DATA[0]
set_instance_assignment -name CURRENT_STRENGTH_NEW 4MA -to RAM_OE
set_instance_assignment -name CURRENT_STRENGTH_NEW 4MA -to RAM_WE
set_global_assignment -name SYSTEMVERILOG_FILE board_output_lcd_link.sv
set_global_assignment -name SYSTEMVERILOG_FILE lcd_frame_visibility.sv
set_global_assignment -name SYSTEMVERILOG_FILE capture_ring3_lcd.sv
set_global_assignment -name SYSTEMVERILOG_FILE frame_pipeline_ring3.sv
set_global_assignment -name SYSTEMVERILOG_FILE lcd_frame_visibility_ring3.sv
set_global_assignment -name SYSTEMVERILOG_FILE board_output_ring3_link.sv
set_global_assignment -name SYSTEMVERILOG_FILE snes_upload_regs.sv
set_global_assignment -name SYSTEMVERILOG_FILE snes_cart_map.sv
set_global_assignment -name SYSTEMVERILOG_FILE snes_sram_slots.sv
set_global_assignment -name SYSTEMVERILOG_FILE snes_frontend.sv
set_global_assignment -name SYSTEMVERILOG_FILE snes_regs_pin_bridge.sv
set_global_assignment -name SYSTEMVERILOG_FILE joypad_cdc.sv
set_global_assignment -name SYSTEMVERILOG_FILE gbc_joypad.sv
set_instance_assignment -name SYNCHRONIZER_IDENTIFICATION "FORCED IF ASYNCHRONOUS" -to "*joy_transfer|toggle_sync*"
set_instance_assignment -name SYNCHRONIZER_IDENTIFICATION "FORCED IF ASYNCHRONOUS" -to "*host_frontend|slots|phi_sync*"
set_instance_assignment -name SYNCHRONIZER_IDENTIFICATION "FORCED IF ASYNCHRONOUS" -to "*host_frontend|slots|rd_sync*"
set_instance_assignment -name SYNCHRONIZER_IDENTIFICATION "FORCED IF ASYNCHRONOUS" -to "*host_frontend|slots|wr_sync*"
set_instance_assignment -name SYNCHRONIZER_IDENTIFICATION "FORCED IF ASYNCHRONOUS" -to "*host_frontend|slots|cs_sync*"
set_instance_assignment -name SYNCHRONIZER_IDENTIFICATION "FORCED IF ASYNCHRONOUS" -to "*host_frontend|slots|addr_meta*"
set_instance_assignment -name SYNCHRONIZER_IDENTIFICATION "FORCED IF ASYNCHRONOUS" -to "*host_frontend|slots|addr_sync*"
set_instance_assignment -name SYNCHRONIZER_IDENTIFICATION "FORCED IF ASYNCHRONOUS" -to "*host_frontend|bridge|wr_sync*"
set_instance_assignment -name SYNCHRONIZER_IDENTIFICATION "FORCED IF ASYNCHRONOUS" -to "*host_frontend|bridge|addr_meta*"
set_instance_assignment -name SYNCHRONIZER_IDENTIFICATION "FORCED IF ASYNCHRONOUS" -to "*host_frontend|bridge|addr_sync*"
set_instance_assignment -name SYNCHRONIZER_IDENTIFICATION "FORCED IF ASYNCHRONOUS" -to "*host_frontend|bridge|data_meta*"
set_instance_assignment -name SYNCHRONIZER_IDENTIFICATION "FORCED IF ASYNCHRONOUS" -to "*host_frontend|bridge|data_sync*"
set_global_assignment -name SYSTEMVERILOG_FILE gbc_save_client.sv
set_global_assignment -name SYSTEMVERILOG_FILE mcu_psram_client.sv
set_global_assignment -name SYSTEMVERILOG_FILE rom_bus_bridge_save.sv
set_global_assignment -name SYSTEMVERILOG_FILE psram_rw3_save.sv
set_instance_assignment -name FAST_OUTPUT_REGISTER ON -to ROM_BHE
set_instance_assignment -name FAST_OUTPUT_REGISTER ON -to ROM_BLE
set_global_assignment -name SYSTEMVERILOG_FILE audio_psram_delay_client.sv
set_global_assignment -name SYSTEMVERILOG_FILE psram_bg_arbiter.sv
set_global_assignment -name SYSTEMVERILOG_FILE gbc_dac_psram.sv
set_instance_assignment -name SYNCHRONIZER_IDENTIFICATION "FORCED IF ASYNCHRONOUS" -to "*dac_output|toggle_sync*"
set_instance_assignment -name IO_STANDARD "3.3-V LVTTL" -to DAC_LRCK
set_instance_assignment -name IO_STANDARD "3.3-V LVTTL" -to DAC_MCLK
set_instance_assignment -name IO_STANDARD "3.3-V LVTTL" -to DAC_SDOUT
set_location_assignment PIN_N5 -to DAC_LRCK
set_location_assignment PIN_N3 -to DAC_MCLK
set_location_assignment PIN_P1 -to DAC_SDOUT
set_instance_assignment -name CURRENT_STRENGTH_NEW 4MA -to DAC_LRCK
set_instance_assignment -name CURRENT_STRENGTH_NEW 4MA -to DAC_MCLK
set_instance_assignment -name CURRENT_STRENGTH_NEW 4MA -to DAC_SDOUT
set_global_assignment -name SYSTEMVERILOG_FILE fxpak_gbc_top.sv
set_global_assignment -name SYSTEMVERILOG_FILE gbc_sram_loader.sv
set_global_assignment -name SYSTEMVERILOG_FILE gbc_spi.sv
set_global_assignment -name SYSTEMVERILOG_FILE gbc_mcu_cmd.sv
set_global_assignment -name VERILOG_FILE spi.v
set_global_assignment -name VERILOG_FILE mcu_cmd.v
set_global_assignment -name VERILOG_FILE clk_test.v
set_global_assignment -name GENERATE_RBF_FILE ON
set_instance_assignment -name IO_STANDARD "3.3-V LVTTL" -to SNES_IRQ
set_instance_assignment -name IO_STANDARD "3.3-V LVTTL" -to MCU_RDY
set_instance_assignment -name IO_STANDARD "3.3-V LVTTL" -to SNES_ADDR_IN[23]
set_instance_assignment -name IO_STANDARD "3.3-V LVTTL" -to SNES_ADDR_IN[22]
set_instance_assignment -name IO_STANDARD "3.3-V LVTTL" -to SNES_ADDR_IN[21]
set_instance_assignment -name IO_STANDARD "3.3-V LVTTL" -to SNES_ADDR_IN[20]
set_instance_assignment -name IO_STANDARD "3.3-V LVTTL" -to SNES_ADDR_IN[19]
set_instance_assignment -name IO_STANDARD "3.3-V LVTTL" -to SNES_ADDR_IN[18]
set_instance_assignment -name IO_STANDARD "3.3-V LVTTL" -to SNES_ADDR_IN[17]
set_instance_assignment -name IO_STANDARD "3.3-V LVTTL" -to SNES_ADDR_IN[16]
set_instance_assignment -name IO_STANDARD "3.3-V LVTTL" -to SNES_ADDR_IN[15]
set_instance_assignment -name IO_STANDARD "3.3-V LVTTL" -to SNES_ADDR_IN[14]
set_instance_assignment -name IO_STANDARD "3.3-V LVTTL" -to SNES_ADDR_IN[13]
set_instance_assignment -name IO_STANDARD "3.3-V LVTTL" -to SNES_ADDR_IN[12]
set_instance_assignment -name IO_STANDARD "3.3-V LVTTL" -to SNES_ADDR_IN[11]
set_instance_assignment -name IO_STANDARD "3.3-V LVTTL" -to SNES_ADDR_IN[10]
set_instance_assignment -name IO_STANDARD "3.3-V LVTTL" -to SNES_ADDR_IN[9]
set_instance_assignment -name IO_STANDARD "3.3-V LVTTL" -to SNES_ADDR_IN[8]
set_instance_assignment -name IO_STANDARD "3.3-V LVTTL" -to SNES_ADDR_IN[7]
set_instance_assignment -name IO_STANDARD "3.3-V LVTTL" -to SNES_ADDR_IN[6]
set_instance_assignment -name IO_STANDARD "3.3-V LVTTL" -to SNES_ADDR_IN[5]
set_instance_assignment -name IO_STANDARD "3.3-V LVTTL" -to SNES_ADDR_IN[4]
set_instance_assignment -name IO_STANDARD "3.3-V LVTTL" -to SNES_ADDR_IN[3]
set_instance_assignment -name IO_STANDARD "3.3-V LVTTL" -to SNES_ADDR_IN[2]
set_instance_assignment -name IO_STANDARD "3.3-V LVTTL" -to SNES_ADDR_IN[1]
set_instance_assignment -name IO_STANDARD "3.3-V LVTTL" -to SNES_ADDR_IN[0]
set_instance_assignment -name IO_STANDARD "3.3-V LVTTL" -to SNES_CPU_CLK_IN
set_instance_assignment -name IO_STANDARD "3.3-V LVTTL" -to SNES_DATA[7]
set_instance_assignment -name IO_STANDARD "3.3-V LVTTL" -to SNES_DATA[6]
set_instance_assignment -name IO_STANDARD "3.3-V LVTTL" -to SNES_DATA[5]
set_instance_assignment -name IO_STANDARD "3.3-V LVTTL" -to SNES_DATA[4]
set_instance_assignment -name IO_STANDARD "3.3-V LVTTL" -to SNES_DATA[3]
set_instance_assignment -name IO_STANDARD "3.3-V LVTTL" -to SNES_DATA[2]
set_instance_assignment -name IO_STANDARD "3.3-V LVTTL" -to SNES_DATA[1]
set_instance_assignment -name IO_STANDARD "3.3-V LVTTL" -to SNES_DATA[0]
set_instance_assignment -name IO_STANDARD "3.3-V LVTTL" -to SNES_DATABUS_DIR
set_instance_assignment -name IO_STANDARD "3.3-V LVTTL" -to SNES_DATABUS_OE
set_instance_assignment -name IO_STANDARD "3.3-V LVTTL" -to SNES_PARD_IN
set_instance_assignment -name IO_STANDARD "3.3-V LVTTL" -to SNES_PAWR_IN
set_instance_assignment -name IO_STANDARD "3.3-V LVTTL" -to SNES_PA_IN[7]
set_instance_assignment -name IO_STANDARD "3.3-V LVTTL" -to SNES_PA_IN[6]
set_instance_assignment -name IO_STANDARD "3.3-V LVTTL" -to SNES_PA_IN[5]
set_instance_assignment -name IO_STANDARD "3.3-V LVTTL" -to SNES_PA_IN[4]
set_instance_assignment -name IO_STANDARD "3.3-V LVTTL" -to SNES_PA_IN[3]
set_instance_assignment -name IO_STANDARD "3.3-V LVTTL" -to SNES_PA_IN[2]
set_instance_assignment -name IO_STANDARD "3.3-V LVTTL" -to SNES_PA_IN[1]
set_instance_assignment -name IO_STANDARD "3.3-V LVTTL" -to SNES_PA_IN[0]
set_instance_assignment -name IO_STANDARD "3.3-V LVTTL" -to SNES_READ_IN
set_instance_assignment -name IO_STANDARD "3.3-V LVTTL" -to SNES_REFRESH
set_instance_assignment -name IO_STANDARD "3.3-V LVTTL" -to SNES_ROMSEL_IN
set_instance_assignment -name IO_STANDARD "3.3-V LVTTL" -to SNES_SYSCLK
set_instance_assignment -name IO_STANDARD "3.3-V LVTTL" -to SNES_WRITE_IN
set_instance_assignment -name IO_STANDARD "3.3-V LVTTL" -to SPI_MISO
set_instance_assignment -name IO_STANDARD "3.3-V LVTTL" -to SPI_MOSI
set_instance_assignment -name IO_STANDARD "3.3-V LVTTL" -to SPI_SCK
set_instance_assignment -name IO_STANDARD "3.3-V LVTTL" -to SPI_SS
set_location_assignment PIN_P2 -to SPI_SS
set_location_assignment PIN_M1 -to SPI_SCK
set_location_assignment PIN_H2 -to MCU_RDY
set_location_assignment PIN_J1 -to SNES_DATA[7]
set_location_assignment PIN_G2 -to SNES_DATA[6]
set_location_assignment PIN_F1 -to SNES_DATA[5]
set_location_assignment PIN_F3 -to SNES_DATA[4]
set_location_assignment PIN_J2 -to SNES_DATA[3]
set_location_assignment PIN_G1 -to SNES_DATA[2]
set_location_assignment PIN_G5 -to SNES_DATA[1]
set_location_assignment PIN_F2 -to SNES_DATA[0]
set_location_assignment PIN_D2 -to SNES_DATABUS_DIR
set_location_assignment PIN_D1 -to SNES_DATABUS_OE
set_location_assignment PIN_B1 -to SNES_IRQ
set_location_assignment PIN_F9 -to SNES_REFRESH
set_location_assignment PIN_A9 -to SNES_SYSCLK
set_location_assignment PIN_P3 -to SPI_MISO
set_location_assignment PIN_R1 -to SPI_MOSI
set_instance_assignment -name CURRENT_STRENGTH_NEW 4MA -to MCU_RDY
set_instance_assignment -name CURRENT_STRENGTH_NEW 4MA -to SNES_DATA[7]
set_instance_assignment -name CURRENT_STRENGTH_NEW 4MA -to SNES_DATA[6]
set_instance_assignment -name CURRENT_STRENGTH_NEW 4MA -to SNES_DATA[5]
set_instance_assignment -name CURRENT_STRENGTH_NEW 4MA -to SNES_DATA[4]
set_instance_assignment -name CURRENT_STRENGTH_NEW 4MA -to SNES_DATA[3]
set_instance_assignment -name CURRENT_STRENGTH_NEW 4MA -to SNES_DATA[2]
set_instance_assignment -name CURRENT_STRENGTH_NEW 4MA -to SNES_DATA[1]
set_instance_assignment -name CURRENT_STRENGTH_NEW 4MA -to SNES_DATA[0]
set_instance_assignment -name CURRENT_STRENGTH_NEW 4MA -to SNES_DATABUS_DIR
set_instance_assignment -name CURRENT_STRENGTH_NEW 4MA -to SNES_DATABUS_OE
set_instance_assignment -name CURRENT_STRENGTH_NEW 4MA -to SNES_IRQ
set_instance_assignment -name CURRENT_STRENGTH_NEW 4MA -to SNES_REFRESH
set_instance_assignment -name CURRENT_STRENGTH_NEW 4MA -to SNES_SYSCLK
set_instance_assignment -name CURRENT_STRENGTH_NEW 4MA -to SPI_MISO
set_instance_assignment -name CURRENT_STRENGTH_NEW 4MA -to SPI_MOSI
set_instance_assignment -name CURRENT_STRENGTH_NEW 4MA -to SPI_SCK
set_instance_assignment -name CURRENT_STRENGTH_NEW 4MA -to SPI_SS
set_location_assignment PIN_A2 -to SNES_ADDR_IN[23]
set_location_assignment PIN_C3 -to SNES_ADDR_IN[22]
set_location_assignment PIN_A3 -to SNES_ADDR_IN[21]
set_location_assignment PIN_A4 -to SNES_ADDR_IN[20]
set_location_assignment PIN_B5 -to SNES_ADDR_IN[19]
set_location_assignment PIN_E6 -to SNES_ADDR_IN[18]
set_location_assignment PIN_C6 -to SNES_ADDR_IN[17]
set_location_assignment PIN_A6 -to SNES_ADDR_IN[16]
set_location_assignment PIN_B7 -to SNES_ADDR_IN[15]
set_location_assignment PIN_F8 -to SNES_ADDR_IN[14]
set_location_assignment PIN_D8 -to SNES_ADDR_IN[13]
set_location_assignment PIN_B8 -to SNES_ADDR_IN[12]
set_location_assignment PIN_A8 -to SNES_ADDR_IN[11]
set_location_assignment PIN_C8 -to SNES_ADDR_IN[10]
set_location_assignment PIN_E8 -to SNES_ADDR_IN[9]
set_location_assignment PIN_A7 -to SNES_ADDR_IN[8]
set_location_assignment PIN_E7 -to SNES_ADDR_IN[7]
set_location_assignment PIN_B6 -to SNES_ADDR_IN[6]
set_location_assignment PIN_D6 -to SNES_ADDR_IN[5]
set_location_assignment PIN_A5 -to SNES_ADDR_IN[4]
set_location_assignment PIN_D5 -to SNES_ADDR_IN[3]
set_location_assignment PIN_B4 -to SNES_ADDR_IN[2]
set_location_assignment PIN_B3 -to SNES_ADDR_IN[1]
set_location_assignment PIN_D3 -to SNES_ADDR_IN[0]
set_location_assignment PIN_K1 -to SNES_CPU_CLK_IN
set_location_assignment PIN_C2 -to SNES_ROMSEL_IN
set_location_assignment PIN_E9 -to SNES_PA_IN[7]
set_location_assignment PIN_D9 -to SNES_PA_IN[6]
set_location_assignment PIN_L4 -to SNES_PA_IN[5]
set_location_assignment PIN_N1 -to SNES_PA_IN[4]
set_location_assignment PIN_L1 -to SNES_PA_IN[3]
set_location_assignment PIN_L3 -to SNES_PA_IN[2]
set_location_assignment PIN_K5 -to SNES_PA_IN[1]
set_location_assignment PIN_L2 -to SNES_PA_IN[0]
set_location_assignment PIN_B9 -to SNES_PARD_IN
set_location_assignment PIN_C9 -to SNES_PAWR_IN
set_location_assignment PIN_C1 -to SNES_READ_IN
set_location_assignment PIN_K2 -to SNES_WRITE_IN
set_instance_assignment -name CURRENT_STRENGTH_NEW 4MA -to SNES_ADDR_IN[23]
set_instance_assignment -name CURRENT_STRENGTH_NEW 4MA -to SNES_ADDR_IN[22]
set_instance_assignment -name CURRENT_STRENGTH_NEW 4MA -to SNES_ADDR_IN[21]
set_instance_assignment -name CURRENT_STRENGTH_NEW 4MA -to SNES_ADDR_IN[20]
set_instance_assignment -name CURRENT_STRENGTH_NEW 4MA -to SNES_ADDR_IN[19]
set_instance_assignment -name CURRENT_STRENGTH_NEW 4MA -to SNES_ADDR_IN[18]
set_instance_assignment -name CURRENT_STRENGTH_NEW 4MA -to SNES_ADDR_IN[17]
set_instance_assignment -name CURRENT_STRENGTH_NEW 4MA -to SNES_ADDR_IN[16]
set_instance_assignment -name CURRENT_STRENGTH_NEW 4MA -to SNES_ADDR_IN[15]
set_instance_assignment -name CURRENT_STRENGTH_NEW 4MA -to SNES_ADDR_IN[14]
set_instance_assignment -name CURRENT_STRENGTH_NEW 4MA -to SNES_ADDR_IN[13]
set_instance_assignment -name CURRENT_STRENGTH_NEW 4MA -to SNES_ADDR_IN[12]
set_instance_assignment -name CURRENT_STRENGTH_NEW 4MA -to SNES_ADDR_IN[11]
set_instance_assignment -name CURRENT_STRENGTH_NEW 4MA -to SNES_ADDR_IN[10]
set_instance_assignment -name CURRENT_STRENGTH_NEW 4MA -to SNES_ADDR_IN[9]
set_instance_assignment -name CURRENT_STRENGTH_NEW 4MA -to SNES_ADDR_IN[8]
set_instance_assignment -name CURRENT_STRENGTH_NEW 4MA -to SNES_ADDR_IN[7]
set_instance_assignment -name CURRENT_STRENGTH_NEW 4MA -to SNES_ADDR_IN[6]
set_instance_assignment -name CURRENT_STRENGTH_NEW 4MA -to SNES_ADDR_IN[5]
set_instance_assignment -name CURRENT_STRENGTH_NEW 4MA -to SNES_ADDR_IN[4]
set_instance_assignment -name CURRENT_STRENGTH_NEW 4MA -to SNES_ADDR_IN[3]
set_instance_assignment -name CURRENT_STRENGTH_NEW 4MA -to SNES_ADDR_IN[2]
set_instance_assignment -name CURRENT_STRENGTH_NEW 4MA -to SNES_ADDR_IN[1]
set_instance_assignment -name CURRENT_STRENGTH_NEW 4MA -to SNES_ADDR_IN[0]
set_instance_assignment -name CURRENT_STRENGTH_NEW 4MA -to SNES_CPU_CLK_IN
set_instance_assignment -name CURRENT_STRENGTH_NEW 4MA -to SNES_ROMSEL_IN
set_instance_assignment -name CURRENT_STRENGTH_NEW 4MA -to SNES_PA_IN[7]
set_instance_assignment -name CURRENT_STRENGTH_NEW 4MA -to SNES_PA_IN[6]
set_instance_assignment -name CURRENT_STRENGTH_NEW 4MA -to SNES_PA_IN[5]
set_instance_assignment -name CURRENT_STRENGTH_NEW 4MA -to SNES_PA_IN[4]
set_instance_assignment -name CURRENT_STRENGTH_NEW 4MA -to SNES_PA_IN[3]
set_instance_assignment -name CURRENT_STRENGTH_NEW 4MA -to SNES_PA_IN[2]
set_instance_assignment -name CURRENT_STRENGTH_NEW 4MA -to SNES_PA_IN[1]
set_instance_assignment -name CURRENT_STRENGTH_NEW 4MA -to SNES_PA_IN[0]
set_instance_assignment -name CURRENT_STRENGTH_NEW 4MA -to SNES_PARD_IN
set_instance_assignment -name CURRENT_STRENGTH_NEW 4MA -to SNES_PAWR_IN
set_instance_assignment -name CURRENT_STRENGTH_NEW 4MA -to SNES_READ_IN
set_instance_assignment -name CURRENT_STRENGTH_NEW 4MA -to SNES_WRITE_IN
set_instance_assignment -name IO_STANDARD "3.3-V LVTTL" -to ROM_ZZ
set_instance_assignment -name CURRENT_STRENGTH_NEW 4MA -to ROM_ZZ
set_location_assignment PIN_G15 -to ROM_ZZ
set_location_assignment PIN_N2 -to SNES_CIC_CLK
set_instance_assignment -name IO_STANDARD "3.3-V LVTTL" -to SNES_CIC_CLK
set_instance_assignment -name CURRENT_STRENGTH_NEW 4MA -to SNES_CIC_CLK
set_instance_assignment -name WEAK_PULL_UP_RESISTOR OFF -to SNES_CIC_CLK
set_global_assignment -name SYSTEMVERILOG_FILE gbc_diagnostic_snapshot.sv
set_global_assignment -name SYSTEMVERILOG_FILE gbc_capture_start_guard.sv
set_global_assignment -name SYSTEMVERILOG_FILE gbc_fault_stage.sv
set_global_assignment -name SYSTEMVERILOG_FILE gbc_host_start_guard.sv
set_global_assignment -name SEED 1

set_global_assignment -name SYSTEMVERILOG_FILE palette_hdma_word.sv

set_global_assignment -name SYSTEMVERILOG_FILE gbc_load_spi.sv
set_global_assignment -name SYSTEMVERILOG_FILE gbc_load_words.sv
set_global_assignment -name SYSTEMVERILOG_FILE gbc_load_duplex.sv
set_global_assignment -name SYSTEMVERILOG_FILE gbc_load_bus_mux.sv

# Avoid area-oriented serial mux packing on the existing video CPU read path.
set_instance_assignment -name MUX_RESTRUCTURE OFF -to "core|core|core|video"

set_global_assignment -name SYSTEMVERILOG_FILE gbc_save_snapshot.sv

set_global_assignment -name SYSTEMVERILOG_FILE gbc_menu_mailbox.sv

set_global_assignment -name SYSTEMVERILOG_FILE gbc_oam_packed.sv

set_global_assignment -name SYSTEMVERILOG_FILE gbc_inverse_ram.sv

set_global_assignment -name CYCLONEII_OPTIMIZATION_TECHNIQUE AREA

set_global_assignment -name SYSTEMVERILOG_FILE gbc_state_io.sv

set_global_assignment -name SYSTEMVERILOG_FILE gbc_state_session.sv

set_global_assignment -name SYSTEMVERILOG_FILE gbc_fast_forward.sv

set_global_assignment -name SYSTEMVERILOG_FILE gbc_mbc3_rtc.sv

set_global_assignment -name AUTO_PACKED_REGISTERS_STRATIXII MINIMIZE_AREA

set_global_assignment -name FITTER_EFFORT "STANDARD FIT"
set_global_assignment -name ROUTER_TIMING_OPTIMIZATION_LEVEL MAXIMUM
